
Microsoft Visual Studio Solution File, Format Version 11.00
# Visual Studio 2010
Project("{FAE04EC0-301F-11D3-BF4B-00C04F79EFBC}") = "Assembly-CSharp", "Assembly-CSharp.csproj", "{aa2c89af-c911-c24d-85ec-523feb3c2b34}"
EndProject
Project("{FAE04EC0-301F-11D3-BF4B-00C04F79EFBC}") = "Assembly-CSharp-Editor", "Assembly-CSharp-Editor.csproj", "{a461d4b9-210a-31af-e26d-7f361a172bea}"
EndProject
Global
	GlobalSection(SolutionConfigurationPlatforms) = preSolution
		Debug|Any CPU = Debug|Any CPU
		Release|Any CPU = Release|Any CPU
	EndGlobalSection
	GlobalSection(ProjectConfigurationPlatforms) = postSolution
		{aa2c89af-c911-c24d-85ec-523feb3c2b34}.Debug|Any CPU.ActiveCfg = Debug|Any CPU
		{aa2c89af-c911-c24d-85ec-523feb3c2b34}.Debug|Any CPU.Build.0 = Debug|Any CPU
		{aa2c89af-c911-c24d-85ec-523feb3c2b34}.Release|Any CPU.ActiveCfg = Release|Any CPU
		{aa2c89af-c911-c24d-85ec-523feb3c2b34}.Release|Any CPU.Build.0 = Release|Any CPU
		{a461d4b9-210a-31af-e26d-7f361a172bea}.Debug|Any CPU.ActiveCfg = Debug|Any CPU
		{a461d4b9-210a-31af-e26d-7f361a172bea}.Debug|Any CPU.Build.0 = Debug|Any CPU
		{a461d4b9-210a-31af-e26d-7f361a172bea}.Release|Any CPU.ActiveCfg = Release|Any CPU
		{a461d4b9-210a-31af-e26d-7f361a172bea}.Release|Any CPU.Build.0 = Release|Any CPU
	EndGlobalSection
	GlobalSection(SolutionProperties) = preSolution
		HideSolutionNode = FALSE
	EndGlobalSection
EndGlobal
